// !$*UTF8*$!
{
	archiveVersion = 1;
	classes = {
	};
	objectVersion = 51;
	objects = {

/* Begin PBXBuildFile section */
		29CF38EA29E660C5C66C4842 /* Pods_ChildLearning_ChildLearningUITests.framework in Frameworks */ = {isa = PBXBuildFile; fileRef = B9BFCFBE97959EEB2059C3E8 /* Pods_ChildLearning_ChildLearningUITests.framework */; };
		62073BEE2626ACB000B0DCA7 /* GoogleService-Info.plist in Resources */ = {isa = PBXBuildFile; fileRef = 62073BED2626ACB000B0DCA7 /* GoogleService-Info.plist */; };
		62A28F5D2622DC0D008163C3 /* AppDelegate.swift in Sources */ = {isa = PBXBuildFile; fileRef = 62A28F5C2622DC0D008163C3 /* AppDelegate.swift */; };
		62A28F5F2622DC0D008163C3 /* SceneDelegate.swift in Sources */ = {isa = PBXBuildFile; fileRef = 62A28F5E2622DC0D008163C3 /* SceneDelegate.swift */; };
		62A28F612622DC0D008163C3 /* ViewController.swift in Sources */ = {isa = PBXBuildFile; fileRef = 62A28F602622DC0D008163C3 /* ViewController.swift */; };
		62A28F642622DC0D008163C3 /* Main.storyboard in Resources */ = {isa = PBXBuildFile; fileRef = 62A28F622622DC0D008163C3 /* Main.storyboard */; };
		62A28F662622DC10008163C3 /* Assets.xcassets in Resources */ = {isa = PBXBuildFile; fileRef = 62A28F652622DC10008163C3 /* Assets.xcassets */; };
		62A28F692622DC10008163C3 /* LaunchScreen.storyboard in Resources */ = {isa = PBXBuildFile; fileRef = 62A28F672622DC10008163C3 /* LaunchScreen.storyboard */; };
		62A28F742622DC10008163C3 /* ChildLearningTests.swift in Sources */ = {isa = PBXBuildFile; fileRef = 62A28F732622DC10008163C3 /* ChildLearningTests.swift */; };
		62A28F7F2622DC10008163C3 /* ChildLearningUITests.swift in Sources */ = {isa = PBXBuildFile; fileRef = 62A28F7E2622DC10008163C3 /* ChildLearningUITests.swift */; };
		62A28FAE2622E81D008163C3 /* LoginViewController.swift in Sources */ = {isa = PBXBuildFile; fileRef = 62A28FAD2622E81D008163C3 /* LoginViewController.swift */; };
		62A28FB32622E846008163C3 /* SignUpViewController.swift in Sources */ = {isa = PBXBuildFile; fileRef = 62A28FB22622E846008163C3 /* SignUpViewController.swift */; };
		62A28FB82622E9B4008163C3 /* HomeViewController.swift in Sources */ = {isa = PBXBuildFile; fileRef = 62A28FB72622E9B4008163C3 /* HomeViewController.swift */; };
		62A28FBD2622EA45008163C3 /* ButtonsViewController.swift in Sources */ = {isa = PBXBuildFile; fileRef = 62A28FBC2622EA45008163C3 /* ButtonsViewController.swift */; };
		62A28FCD2622EA9B008163C3 /* SpeakViewController.swift in Sources */ = {isa = PBXBuildFile; fileRef = 62A28FCC2622EA9B008163C3 /* SpeakViewController.swift */; };
		62A28FD22622EC64008163C3 /* ButtonCollectionViewCell.swift in Sources */ = {isa = PBXBuildFile; fileRef = 62A28FD12622EC64008163C3 /* ButtonCollectionViewCell.swift */; };
		62A28FF126235BAE008163C3 /* FirebaseModel.swift in Sources */ = {isa = PBXBuildFile; fileRef = 62A28FF026235BAE008163C3 /* FirebaseModel.swift */; };
		62A28FF626235C11008163C3 /* Constant.swift in Sources */ = {isa = PBXBuildFile; fileRef = 62A28FF526235C11008163C3 /* Constant.swift */; };
		62A28FFB26235FA5008163C3 /* Alert.swift in Sources */ = {isa = PBXBuildFile; fileRef = 62A28FFA26235FA5008163C3 /* Alert.swift */; };
		62A29000262360D8008163C3 /* CommonFunctions.swift in Sources */ = {isa = PBXBuildFile; fileRef = 62A28FFF262360D8008163C3 /* CommonFunctions.swift */; };
		62ADE80126296A4400BAD648 /* PlayViewController.swift in Sources */ = {isa = PBXBuildFile; fileRef = 62ADE80026296A4400BAD648 /* PlayViewController.swift */; };
		62ADE8062629AE0700BAD648 /* applause.mp3 in Resources */ = {isa = PBXBuildFile; fileRef = 62ADE8052629AE0700BAD648 /* applause.mp3 */; };
		67D33580ED5C0FFA8A9EA69C /* Pods_ChildLearningTests.framework in Frameworks */ = {isa = PBXBuildFile; fileRef = ED84834172A473B6C3776E9E /* Pods_ChildLearningTests.framework */; };
		EC7A27FAA6063ED09A04CC57 /* Pods_ChildLearning.framework in Frameworks */ = {isa = PBXBuildFile; fileRef = 339F5C57993E49CF03A47D25 /* Pods_ChildLearning.framework */; };
/* End PBXBuildFile section */

/* Begin PBXContainerItemProxy section */
		62A28F702622DC10008163C3 /* PBXContainerItemProxy */ = {
			isa = PBXContainerItemProxy;
			containerPortal = 62A28F512622DC0D008163C3 /* Project object */;
			proxyType = 1;
			remoteGlobalIDString = 62A28F582622DC0D008163C3;
			remoteInfo = ChildLearning;
		};
		62A28F7B2622DC10008163C3 /* PBXContainerItemProxy */ = {
			isa = PBXContainerItemProxy;
			containerPortal = 62A28F512622DC0D008163C3 /* Project object */;
			proxyType = 1;
			remoteGlobalIDString = 62A28F582622DC0D008163C3;
			remoteInfo = ChildLearning;
		};
/* End PBXContainerItemProxy section */

/* Begin PBXFileReference section */
		339F5C57993E49CF03A47D25 /* Pods_ChildLearning.framework */ = {isa = PBXFileReference; explicitFileType = wrapper.framework; includeInIndex = 0; path = Pods_ChildLearning.framework; sourceTree = BUILT_PRODUCTS_DIR; };
		5D3D80A360118787857AB4E2 /* Pods-ChildLearningTests.debug.xcconfig */ = {isa = PBXFileReference; includeInIndex = 1; lastKnownFileType = text.xcconfig; name = "Pods-ChildLearningTests.debug.xcconfig"; path = "Target Support Files/Pods-ChildLearningTests/Pods-ChildLearningTests.debug.xcconfig"; sourceTree = "<group>"; };
		5DB01C8565908BB091B9E457 /* Pods-ChildLearning-ChildLearningUITests.debug.xcconfig */ = {isa = PBXFileReference; includeInIndex = 1; lastKnownFileType = text.xcconfig; name = "Pods-ChildLearning-ChildLearningUITests.debug.xcconfig"; path = "Target Support Files/Pods-ChildLearning-ChildLearningUITests/Pods-ChildLearning-ChildLearningUITests.debug.xcconfig"; sourceTree = "<group>"; };
		5F9ED22D4B4F3730309E17E2 /* Pods-ChildLearning.debug.xcconfig */ = {isa = PBXFileReference; includeInIndex = 1; lastKnownFileType = text.xcconfig; name = "Pods-ChildLearning.debug.xcconfig"; path = "Target Support Files/Pods-ChildLearning/Pods-ChildLearning.debug.xcconfig"; sourceTree = "<group>"; };
		62073BED2626ACB000B0DCA7 /* GoogleService-Info.plist */ = {isa = PBXFileReference; fileEncoding = 4; lastKnownFileType = text.plist.xml; path = "GoogleService-Info.plist"; sourceTree = "<group>"; };
		62A28F592622DC0D008163C3 /* ChildLearning.app */ = {isa = PBXFileReference; explicitFileType = wrapper.application; includeInIndex = 0; path = ChildLearning.app; sourceTree = BUILT_PRODUCTS_DIR; };
		62A28F5C2622DC0D008163C3 /* AppDelegate.swift */ = {isa = PBXFileReference; lastKnownFileType = sourcecode.swift; path = AppDelegate.swift; sourceTree = "<group>"; };
		62A28F5E2622DC0D008163C3 /* SceneDelegate.swift */ = {isa = PBXFileReference; lastKnownFileType = sourcecode.swift; path = SceneDelegate.swift; sourceTree = "<group>"; };
		62A28F602622DC0D008163C3 /* ViewController.swift */ = {isa = PBXFileReference; lastKnownFileType = sourcecode.swift; path = ViewController.swift; sourceTree = "<group>"; };
		62A28F632622DC0D008163C3 /* Base */ = {isa = PBXFileReference; lastKnownFileType = file.storyboard; name = Base; path = Base.lproj/Main.storyboard; sourceTree = "<group>"; };
		62A28F652622DC10008163C3 /* Assets.xcassets */ = {isa = PBXFileReference; lastKnownFileType = folder.assetcatalog; path = Assets.xcassets; sourceTree = "<group>"; };
		62A28F682622DC10008163C3 /* Base */ = {isa = PBXFileReference; lastKnownFileType = file.storyboard; name = Base; path = Base.lproj/LaunchScreen.storyboard; sourceTree = "<group>"; };
		62A28F6A2622DC10008163C3 /* Info.plist */ = {isa = PBXFileReference; lastKnownFileType = text.plist.xml; path = Info.plist; sourceTree = "<group>"; };
		62A28F6F2622DC10008163C3 /* ChildLearningTests.xctest */ = {isa = PBXFileReference; explicitFileType = wrapper.cfbundle; includeInIndex = 0; path = ChildLearningTests.xctest; sourceTree = BUILT_PRODUCTS_DIR; };
		62A28F732622DC10008163C3 /* ChildLearningTests.swift */ = {isa = PBXFileReference; lastKnownFileType = sourcecode.swift; path = ChildLearningTests.swift; sourceTree = "<group>"; };
		62A28F752622DC10008163C3 /* Info.plist */ = {isa = PBXFileReference; lastKnownFileType = text.plist.xml; path = Info.plist; sourceTree = "<group>"; };
		62A28F7A2622DC10008163C3 /* ChildLearningUITests.xctest */ = {isa = PBXFileReference; explicitFileType = wrapper.cfbundle; includeInIndex = 0; path = ChildLearningUITests.xctest; sourceTree = BUILT_PRODUCTS_DIR; };
		62A28F7E2622DC10008163C3 /* ChildLearningUITests.swift */ = {isa = PBXFileReference; lastKnownFileType = sourcecode.swift; path = ChildLearningUITests.swift; sourceTree = "<group>"; };
		62A28F802622DC10008163C3 /* Info.plist */ = {isa = PBXFileReference; lastKnownFileType = text.plist.xml; path = Info.plist; sourceTree = "<group>"; };
		62A28FAD2622E81D008163C3 /* LoginViewController.swift */ = {isa = PBXFileReference; lastKnownFileType = sourcecode.swift; path = LoginViewController.swift; sourceTree = "<group>"; };
		62A28FB22622E846008163C3 /* SignUpViewController.swift */ = {isa = PBXFileReference; lastKnownFileType = sourcecode.swift; path = SignUpViewController.swift; sourceTree = "<group>"; };
		62A28FB72622E9B4008163C3 /* HomeViewController.swift */ = {isa = PBXFileReference; lastKnownFileType = sourcecode.swift; path = HomeViewController.swift; sourceTree = "<group>"; };
		62A28FBC2622EA45008163C3 /* ButtonsViewController.swift */ = {isa = PBXFileReference; lastKnownFileType = sourcecode.swift; path = ButtonsViewController.swift; sourceTree = "<group>"; };
		62A28FCC2622EA9B008163C3 /* SpeakViewController.swift */ = {isa = PBXFileReference; lastKnownFileType = sourcecode.swift; path = SpeakViewController.swift; sourceTree = "<group>"; };
		62A28FD12622EC64008163C3 /* ButtonCollectionViewCell.swift */ = {isa = PBXFileReference; lastKnownFileType = sourcecode.swift; path = ButtonCollectionViewCell.swift; sourceTree = "<group>"; };
		62A28FF026235BAE008163C3 /* FirebaseModel.swift */ = {isa = PBXFileReference; lastKnownFileType = sourcecode.swift; path = FirebaseModel.swift; sourceTree = "<group>"; };
		62A28FF526235C11008163C3 /* Constant.swift */ = {isa = PBXFileReference; lastKnownFileType = sourcecode.swift; path = Constant.swift; sourceTree = "<group>"; };
		62A28FFA26235FA5008163C3 /* Alert.swift */ = {isa = PBXFileReference; lastKnownFileType = sourcecode.swift; path = Alert.swift; sourceTree = "<group>"; };
		62A28FFF262360D8008163C3 /* CommonFunctions.swift */ = {isa = PBXFileReference; lastKnownFileType = sourcecode.swift; path = CommonFunctions.swift; sourceTree = "<group>"; };
		62ADE80026296A4400BAD648 /* PlayViewController.swift */ = {isa = PBXFileReference; lastKnownFileType = sourcecode.swift; path = PlayViewController.swift; sourceTree = "<group>"; };
		62ADE8052629AE0700BAD648 /* applause.mp3 */ = {isa = PBXFileReference; lastKnownFileType = audio.mp3; path = applause.mp3; sourceTree = "<group>"; };
		6F676960CCC2475D219636CD /* Pods-ChildLearning-ChildLearningUITests.release.xcconfig */ = {isa = PBXFileReference; includeInIndex = 1; lastKnownFileType = text.xcconfig; name = "Pods-ChildLearning-ChildLearningUITests.release.xcconfig"; path = "Target Support Files/Pods-ChildLearning-ChildLearningUITests/Pods-ChildLearning-ChildLearningUITests.release.xcconfig"; sourceTree = "<group>"; };
		B9BFCFBE97959EEB2059C3E8 /* Pods_ChildLearning_ChildLearningUITests.framework */ = {isa = PBXFileReference; explicitFileType = wrapper.framework; includeInIndex = 0; path = Pods_ChildLearning_ChildLearningUITests.framework; sourceTree = BUILT_PRODUCTS_DIR; };
		DDB70A4EF78F2D1A60AC8AC4 /* Pods-ChildLearningTests.release.xcconfig */ = {isa = PBXFileReference; includeInIndex = 1; lastKnownFileType = text.xcconfig; name = "Pods-ChildLearningTests.release.xcconfig"; path = "Target Support Files/Pods-ChildLearningTests/Pods-ChildLearningTests.release.xcconfig"; sourceTree = "<group>"; };
		ED84834172A473B6C3776E9E /* Pods_ChildLearningTests.framework */ = {isa = PBXFileReference; explicitFileType = wrapper.framework; includeInIndex = 0; path = Pods_ChildLearningTests.framework; sourceTree = BUILT_PRODUCTS_DIR; };
		F8CF48491589574F4DCB9075 /* Pods-ChildLearning.release.xcconfig */ = {isa = PBXFileReference; includeInIndex = 1; lastKnownFileType = text.xcconfig; name = "Pods-ChildLearning.release.xcconfig"; path = "Target Support Files/Pods-ChildLearning/Pods-ChildLearning.release.xcconfig"; sourceTree = "<group>"; };
/* End PBXFileReference section */

/* Begin PBXFrameworksBuildPhase section */
		62A28F562622DC0D008163C3 /* Frameworks */ = {
			isa = PBXFrameworksBuildPhase;
			buildActionMask = 2147483647;
			files = (
				EC7A27FAA6063ED09A04CC57 /* Pods_ChildLearning.framework in Frameworks */,
			);
			runOnlyForDeploymentPostprocessing = 0;
		};
		62A28F6C2622DC10008163C3 /* Frameworks */ = {
			isa = PBXFrameworksBuildPhase;
			buildActionMask = 2147483647;
			files = (
				67D33580ED5C0FFA8A9EA69C /* Pods_ChildLearningTests.framework in Frameworks */,
			);
			runOnlyForDeploymentPostprocessing = 0;
		};
		62A28F772622DC10008163C3 /* Frameworks */ = {
			isa = PBXFrameworksBuildPhase;
			buildActionMask = 2147483647;
			files = (
				29CF38EA29E660C5C66C4842 /* Pods_ChildLearning_ChildLearningUITests.framework in Frameworks */,
			);
			runOnlyForDeploymentPostprocessing = 0;
		};
/* End PBXFrameworksBuildPhase section */

/* Begin PBXGroup section */
		47A75AD00FBBD06590090D72 /* Pods */ = {
			isa = PBXGroup;
			children = (
				5F9ED22D4B4F3730309E17E2 /* Pods-ChildLearning.debug.xcconfig */,
				F8CF48491589574F4DCB9075 /* Pods-ChildLearning.release.xcconfig */,
				5DB01C8565908BB091B9E457 /* Pods-ChildLearning-ChildLearningUITests.debug.xcconfig */,
				6F676960CCC2475D219636CD /* Pods-ChildLearning-ChildLearningUITests.release.xcconfig */,
				5D3D80A360118787857AB4E2 /* Pods-ChildLearningTests.debug.xcconfig */,
				DDB70A4EF78F2D1A60AC8AC4 /* Pods-ChildLearningTests.release.xcconfig */,
			);
			path = Pods;
			sourceTree = "<group>";
		};
		62A28F502622DC0D008163C3 = {
			isa = PBXGroup;
			children = (
				62A28F5B2622DC0D008163C3 /* ChildLearning */,
				62A28F722622DC10008163C3 /* ChildLearningTests */,
				62A28F7D2622DC10008163C3 /* ChildLearningUITests */,
				62A28F5A2622DC0D008163C3 /* Products */,
				47A75AD00FBBD06590090D72 /* Pods */,
				A25007A0E29AEDDA49BBDD90 /* Frameworks */,
			);
			sourceTree = "<group>";
		};
		62A28F5A2622DC0D008163C3 /* Products */ = {
			isa = PBXGroup;
			children = (
				62A28F592622DC0D008163C3 /* ChildLearning.app */,
				62A28F6F2622DC10008163C3 /* ChildLearningTests.xctest */,
				62A28F7A2622DC10008163C3 /* ChildLearningUITests.xctest */,
			);
			name = Products;
			sourceTree = "<group>";
		};
		62A28F5B2622DC0D008163C3 /* ChildLearning */ = {
			isa = PBXGroup;
			children = (
				62ADE8052629AE0700BAD648 /* applause.mp3 */,
				62073BED2626ACB000B0DCA7 /* GoogleService-Info.plist */,
				62A28F5C2622DC0D008163C3 /* AppDelegate.swift */,
				62A28F5E2622DC0D008163C3 /* SceneDelegate.swift */,
				62A28F602622DC0D008163C3 /* ViewController.swift */,
				62A28F622622DC0D008163C3 /* Main.storyboard */,
				62A28F652622DC10008163C3 /* Assets.xcassets */,
				62A28F672622DC10008163C3 /* LaunchScreen.storyboard */,
				62A28F6A2622DC10008163C3 /* Info.plist */,
				62A28FAD2622E81D008163C3 /* LoginViewController.swift */,
				62A28FB22622E846008163C3 /* SignUpViewController.swift */,
				62A28FB72622E9B4008163C3 /* HomeViewController.swift */,
				62A28FBC2622EA45008163C3 /* ButtonsViewController.swift */,
				62A28FCC2622EA9B008163C3 /* SpeakViewController.swift */,
				62A28FD12622EC64008163C3 /* ButtonCollectionViewCell.swift */,
				62A28FF026235BAE008163C3 /* FirebaseModel.swift */,
				62A28FF526235C11008163C3 /* Constant.swift */,
				62A28FFA26235FA5008163C3 /* Alert.swift */,
				62A28FFF262360D8008163C3 /* CommonFunctions.swift */,
				62ADE80026296A4400BAD648 /* PlayViewController.swift */,
			);
			path = ChildLearning;
			sourceTree = "<group>";
		};
		62A28F722622DC10008163C3 /* ChildLearningTests */ = {
			isa = PBXGroup;
			children = (
				62A28F732622DC10008163C3 /* ChildLearningTests.swift */,
				62A28F752622DC10008163C3 /* Info.plist */,
			);
			path = ChildLearningTests;
			sourceTree = "<group>";
		};
		62A28F7D2622DC10008163C3 /* ChildLearningUITests */ = {
			isa = PBXGroup;
			children = (
				62A28F7E2622DC10008163C3 /* ChildLearningUITests.swift */,
				62A28F802622DC10008163C3 /* Info.plist */,
			);
			path = ChildLearningUITests;
			sourceTree = "<group>";
		};
		A25007A0E29AEDDA49BBDD90 /* Frameworks */ = {
			isa = PBXGroup;
			children = (
				339F5C57993E49CF03A47D25 /* Pods_ChildLearning.framework */,
				B9BFCFBE97959EEB2059C3E8 /* Pods_ChildLearning_ChildLearningUITests.framework */,
				ED84834172A473B6C3776E9E /* Pods_ChildLearningTests.framework */,
			);
			name = Frameworks;
			sourceTree = "<group>";
		};
/* End PBXGroup section */

/* Begin PBXNativeTarget section */
		62A28F582622DC0D008163C3 /* ChildLearning */ = {
			isa = PBXNativeTarget;
			buildConfigurationList = 62A28F832622DC10008163C3 /* Build configuration list for PBXNativeTarget "ChildLearning" */;
			buildPhases = (
				F60570FF07F132B2945EECCB /* [CP] Check Pods Manifest.lock */,
				62A28F552622DC0D008163C3 /* Sources */,
				62A28F562622DC0D008163C3 /* Frameworks */,
				62A28F572622DC0D008163C3 /* Resources */,
				0BECE76AFE8DC9F516CC5B21 /* [CP] Embed Pods Frameworks */,
			);
			buildRules = (
			);
			dependencies = (
			);
			name = ChildLearning;
			productName = ChildLearning;
			productReference = 62A28F592622DC0D008163C3 /* ChildLearning.app */;
			productType = "com.apple.product-type.application";
		};
		62A28F6E2622DC10008163C3 /* ChildLearningTests */ = {
			isa = PBXNativeTarget;
			buildConfigurationList = 62A28F862622DC10008163C3 /* Build configuration list for PBXNativeTarget "ChildLearningTests" */;
			buildPhases = (
				39AC237DE1CAC4D090B894E6 /* [CP] Check Pods Manifest.lock */,
				62A28F6B2622DC10008163C3 /* Sources */,
				62A28F6C2622DC10008163C3 /* Frameworks */,
				62A28F6D2622DC10008163C3 /* Resources */,
			);
			buildRules = (
			);
			dependencies = (
				62A28F712622DC10008163C3 /* PBXTargetDependency */,
			);
			name = ChildLearningTests;
			productName = ChildLearningTests;
			productReference = 62A28F6F2622DC10008163C3 /* ChildLearningTests.xctest */;
			productType = "com.apple.product-type.bundle.unit-test";
		};
		62A28F792622DC10008163C3 /* ChildLearningUITests */ = {
			isa = PBXNativeTarget;
			buildConfigurationList = 62A28F892622DC10008163C3 /* Build configuration list for PBXNativeTarget "ChildLearningUITests" */;
			buildPhases = (
				4CE6DBFA10E7B02AF70B5D9D /* [CP] Check Pods Manifest.lock */,
				62A28F762622DC10008163C3 /* Sources */,
				62A28F772622DC10008163C3 /* Frameworks */,
				62A28F782622DC10008163C3 /* Resources */,
				EED0D3419127924760E61800 /* [CP] Embed Pods Frameworks */,
			);
			buildRules = (
			);
			dependencies = (
				62A28F7C2622DC10008163C3 /* PBXTargetDependency */,
			);
			name = ChildLearningUITests;
			productName = ChildLearningUITests;
			productReference = 62A28F7A2622DC10008163C3 /* ChildLearningUITests.xctest */;
			productType = "com.apple.product-type.bundle.ui-testing";
		};
/* End PBXNativeTarget section */

/* Begin PBXProject section */
		62A28F512622DC0D008163C3 /* Project object */ = {
			isa = PBXProject;
			attributes = {
				LastSwiftUpdateCheck = 1240;
				LastUpgradeCheck = 1240;
				TargetAttributes = {
					62A28F582622DC0D008163C3 = {
						CreatedOnToolsVersion = 12.4;
					};
					62A28F6E2622DC10008163C3 = {
						CreatedOnToolsVersion = 12.4;
						TestTargetID = 62A28F582622DC0D008163C3;
					};
					62A28F792622DC10008163C3 = {
						CreatedOnToolsVersion = 12.4;
						TestTargetID = 62A28F582622DC0D008163C3;
					};
				};
			};
			buildConfigurationList = 62A28F542622DC0D008163C3 /* Build configuration list for PBXProject "ChildLearning" */;
			compatibilityVersion = "Xcode 9.3";
			developmentRegion = en;
			hasScannedForEncodings = 0;
			knownRegions = (
				en,
				Base,
			);
			mainGroup = 62A28F502622DC0D008163C3;
			productRefGroup = 62A28F5A2622DC0D008163C3 /* Products */;
			projectDirPath = "";
			projectRoot = "";
			targets = (
				62A28F582622DC0D008163C3 /* ChildLearning */,
				62A28F6E2622DC10008163C3 /* ChildLearningTests */,
				62A28F792622DC10008163C3 /* ChildLearningUITests */,
			);
		};
/* End PBXProject section */

/* Begin PBXResourcesBuildPhase section */
		62A28F572622DC0D008163C3 /* Resources */ = {
			isa = PBXResourcesBuildPhase;
			buildActionMask = 2147483647;
			files = (
				62A28F692622DC10008163C3 /* LaunchScreen.storyboard in Resources */,
				62073BEE2626ACB000B0DCA7 /* GoogleService-Info.plist in Resources */,
				62ADE8062629AE0700BAD648 /* applause.mp3 in Resources */,
				62A28F662622DC10008163C3 /* Assets.xcassets in Resources */,
				62A28F642622DC0D008163C3 /* Main.storyboard in Resources */,
			);
			runOnlyForDeploymentPostprocessing = 0;
		};
		62A28F6D2622DC10008163C3 /* Resources */ = {
			isa = PBXResourcesBuildPhase;
			buildActionMask = 2147483647;
			files = (
			);
			runOnlyForDeploymentPostprocessing = 0;
		};
		62A28F782622DC10008163C3 /* Resources */ = {
			isa = PBXResourcesBuildPhase;
			buildActionMask = 2147483647;
			files = (
			);
			runOnlyForDeploymentPostprocessing = 0;
		};
/* End PBXResourcesBuildPhase section */

/* Begin PBXShellScriptBuildPhase section */
		0BECE76AFE8DC9F516CC5B21 /* [CP] Embed Pods Frameworks */ = {
			isa = PBXShellScriptBuildPhase;
			buildActionMask = 2147483647;
			files = (
			);
			inputFileListPaths = (
				"${PODS_ROOT}/Target Support Files/Pods-ChildLearning/Pods-ChildLearning-frameworks-${CONFIGURATION}-input-files.xcfilelist",
			);
			name = "[CP] Embed Pods Frameworks";
			outputFileListPaths = (
				"${PODS_ROOT}/Target Support Files/Pods-ChildLearning/Pods-ChildLearning-frameworks-${CONFIGURATION}-output-files.xcfilelist",
			);
			runOnlyForDeploymentPostprocessing = 0;
			shellPath = /bin/sh;
			shellScript = "\"${PODS_ROOT}/Target Support Files/Pods-ChildLearning/Pods-ChildLearning-frameworks.sh\"\n";
			showEnvVarsInLog = 0;
		};
		39AC237DE1CAC4D090B894E6 /* [CP] Check Pods Manifest.lock */ = {
			isa = PBXShellScriptBuildPhase;
			buildActionMask = 2147483647;
			files = (
			);
			inputFileListPaths = (
			);
			inputPaths = (
				"${PODS_PODFILE_DIR_PATH}/Podfile.lock",
				"${PODS_ROOT}/Manifest.lock",
			);
			name = "[CP] Check Pods Manifest.lock";
			outputFileListPaths = (
			);
			outputPaths = (
				"$(DERIVED_FILE_DIR)/Pods-ChildLearningTests-checkManifestLockResult.txt",
			);
			runOnlyForDeploymentPostprocessing = 0;
			shellPath = /bin/sh;
			shellScript = "diff \"${PODS_PODFILE_DIR_PATH}/Podfile.lock\" \"${PODS_ROOT}/Manifest.lock\" > /dev/null\nif [ $? != 0 ] ; then\n    # print error to STDERR\n    echo \"error: The sandbox is not in sync with the Podfile.lock. Run 'pod install' or update your CocoaPods installation.\" >&2\n    exit 1\nfi\n# This output is used by Xcode 'outputs' to avoid re-running this script phase.\necho \"SUCCESS\" > \"${SCRIPT_OUTPUT_FILE_0}\"\n";
			showEnvVarsInLog = 0;
		};
		4CE6DBFA10E7B02AF70B5D9D /* [CP] Check Pods Manifest.lock */ = {
			isa = PBXShellScriptBuildPhase;
			buildActionMask = 2147483647;
			files = (
			);
			inputFileListPaths = (
			);
			inputPaths = (
				"${PODS_PODFILE_DIR_PATH}/Podfile.lock",
				"${PODS_ROOT}/Manifest.lock",
			);
			name = "[CP] Check Pods Manifest.lock";
			outputFileListPaths = (
			);
			outputPaths = (
				"$(DERIVED_FILE_DIR)/Pods-ChildLearning-ChildLearningUITests-checkManifestLockResult.txt",
			);
			runOnlyForDeploymentPostprocessing = 0;
			shellPath = /bin/sh;
			shellScript = "diff \"${PODS_PODFILE_DIR_PATH}/Podfile.lock\" \"${PODS_ROOT}/Manifest.lock\" > /dev/null\nif [ $? != 0 ] ; then\n    # print error to STDERR\n    echo \"error: The sandbox is not in sync with the Podfile.lock. Run 'pod install' or update your CocoaPods installation.\" >&2\n    exit 1\nfi\n# This output is used by Xcode 'outputs' to avoid re-running this script phase.\necho \"SUCCESS\" > \"${SCRIPT_OUTPUT_FILE_0}\"\n";
			showEnvVarsInLog = 0;
		};
		EED0D3419127924760E61800 /* [CP] Embed Pods Frameworks */ = {
			isa = PBXShellScriptBuildPhase;
			buildActionMask = 2147483647;
			files = (
			);
			inputFileListPaths = (
				"${PODS_ROOT}/Target Support Files/Pods-ChildLearning-ChildLearningUITests/Pods-ChildLearning-ChildLearningUITests-frameworks-${CONFIGURATION}-input-files.xcfilelist",
			);
			name = "[CP] Embed Pods Frameworks";
			outputFileListPaths = (
				"${PODS_ROOT}/Target Support Files/Pods-ChildLearning-ChildLearningUITests/Pods-ChildLearning-ChildLearningUITests-frameworks-${CONFIGURATION}-output-files.xcfilelist",
			);
			runOnlyForDeploymentPostprocessing = 0;
			shellPath = /bin/sh;
			shellScript = "\"${PODS_ROOT}/Target Support Files/Pods-ChildLearning-ChildLearningUITests/Pods-ChildLearning-ChildLearningUITests-frameworks.sh\"\n";
			showEnvVarsInLog = 0;
		};
		F60570FF07F132B2945EECCB /* [CP] Check Pods Manifest.lock */ = {
			isa = PBXShellScriptBuildPhase;
			buildActionMask = 2147483647;
			files = (
			);
			inputFileListPaths = (
			);
			inputPaths = (
				"${PODS_PODFILE_DIR_PATH}/Podfile.lock",
				"${PODS_ROOT}/Manifest.lock",
			);
			name = "[CP] Check Pods Manifest.lock";
			outputFileListPaths = (
			);
			outputPaths = (
				"$(DERIVED_FILE_DIR)/Pods-ChildLearning-checkManifestLockResult.txt",
			);
			runOnlyForDeploymentPostprocessing = 0;
			shellPath = /bin/sh;
			shellScript = "diff \"${PODS_PODFILE_DIR_PATH}/Podfile.lock\" \"${PODS_ROOT}/Manifest.lock\" > /dev/null\nif [ $? != 0 ] ; then\n    # print error to STDERR\n    echo \"error: The sandbox is not in sync with the Podfile.lock. Run 'pod install' or update your CocoaPods installation.\" >&2\n    exit 1\nfi\n# This output is used by Xcode 'outputs' to avoid re-running this script phase.\necho \"SUCCESS\" > \"${SCRIPT_OUTPUT_FILE_0}\"\n";
			showEnvVarsInLog = 0;
		};
/* End PBXShellScriptBuildPhase section */

/* Begin PBXSourcesBuildPhase section */
		62A28F552622DC0D008163C3 /* Sources */ = {
			isa = PBXSourcesBuildPhase;
			buildActionMask = 2147483647;
			files = (
				62A28FAE2622E81D008163C3 /* LoginViewController.swift in Sources */,
				62A28F612622DC0D008163C3 /* ViewController.swift in Sources */,
				62A28F5D2622DC0D008163C3 /* AppDelegate.swift in Sources */,
				62A28F5F2622DC0D008163C3 /* SceneDelegate.swift in Sources */,
				62A28FF126235BAE008163C3 /* FirebaseModel.swift in Sources */,
				62A28FBD2622EA45008163C3 /* ButtonsViewController.swift in Sources */,
				62A28FFB26235FA5008163C3 /* Alert.swift in Sources */,
				62A28FB32622E846008163C3 /* SignUpViewController.swift in Sources */,
				62A28FB82622E9B4008163C3 /* HomeViewController.swift in Sources */,
				62A28FF626235C11008163C3 /* Constant.swift in Sources */,
				62A29000262360D8008163C3 /* CommonFunctions.swift in Sources */,
				62A28FD22622EC64008163C3 /* ButtonCollectionViewCell.swift in Sources */,
				62ADE80126296A4400BAD648 /* PlayViewController.swift in Sources */,
				62A28FCD2622EA9B008163C3 /* SpeakViewController.swift in Sources */,
			);
			runOnlyForDeploymentPostprocessing = 0;
		};
		62A28F6B2622DC10008163C3 /* Sources */ = {
			isa = PBXSourcesBuildPhase;
			buildActionMask = 2147483647;
			files = (
				62A28F742622DC10008163C3 /* ChildLearningTests.swift in Sources */,
			);
			runOnlyForDeploymentPostprocessing = 0;
		};
		62A28F762622DC10008163C3 /* Sources */ = {
			isa = PBXSourcesBuildPhase;
			buildActionMask = 2147483647;
			files = (
				62A28F7F2622DC10008163C3 /* ChildLearningUITests.swift in Sources */,
			);
			runOnlyForDeploymentPostprocessing = 0;
		};
/* End PBXSourcesBuildPhase section */

/* Begin PBXTargetDependency section */
		62A28F712622DC10008163C3 /* PBXTargetDependency */ = {
			isa = PBXTargetDependency;
			target = 62A28F582622DC0D008163C3 /* ChildLearning */;
			targetProxy = 62A28F702622DC10008163C3 /* PBXContainerItemProxy */;
		};
		62A28F7C2622DC10008163C3 /* PBXTargetDependency */ = {
			isa = PBXTargetDependency;
			target = 62A28F582622DC0D008163C3 /* ChildLearning */;
			targetProxy = 62A28F7B2622DC10008163C3 /* PBXContainerItemProxy */;
		};
/* End PBXTargetDependency section */

/* Begin PBXVariantGroup section */
		62A28F622622DC0D008163C3 /* Main.storyboard */ = {
			isa = PBXVariantGroup;
			children = (
				62A28F632622DC0D008163C3 /* Base */,
			);
			name = Main.storyboard;
			sourceTree = "<group>";
		};
		62A28F672622DC10008163C3 /* LaunchScreen.storyboard */ = {
			isa = PBXVariantGroup;
			children = (
				62A28F682622DC10008163C3 /* Base */,
			);
			name = LaunchScreen.storyboard;
			sourceTree = "<group>";
		};
/* End PBXVariantGroup section */

/* Begin XCBuildConfiguration section */
		62A28F812622DC10008163C3 /* Debug */ = {
			isa = XCBuildConfiguration;
			buildSettings = {
				ALWAYS_SEARCH_USER_PATHS = NO;
				CLANG_ANALYZER_NONNULL = YES;
				CLANG_ANALYZER_NUMBER_OBJECT_CONVERSION = YES_AGGRESSIVE;
				CLANG_CXX_LANGUAGE_STANDARD = "gnu++14";
				CLANG_CXX_LIBRARY = "libc++";
				CLANG_ENABLE_MODULES = YES;
				CLANG_ENABLE_OBJC_ARC = YES;
				CLANG_ENABLE_OBJC_WEAK = YES;
				CLANG_WARN_BLOCK_CAPTURE_AUTORELEASING = YES;
				CLANG_WARN_BOOL_CONVERSION = YES;
				CLANG_WARN_COMMA = YES;
				CLANG_WARN_CONSTANT_CONVERSION = YES;
				CLANG_WARN_DEPRECATED_OBJC_IMPLEMENTATIONS = YES;
				CLANG_WARN_DIRECT_OBJC_ISA_USAGE = YES_ERROR;
				CLANG_WARN_DOCUMENTATION_COMMENTS = YES;
				CLANG_WARN_EMPTY_BODY = YES;
				CLANG_WARN_ENUM_CONVERSION = YES;
				CLANG_WARN_INFINITE_RECURSION = YES;
				CLANG_WARN_INT_CONVERSION = YES;
				CLANG_WARN_NON_LITERAL_NULL_CONVERSION = YES;
				CLANG_WARN_OBJC_IMPLICIT_RETAIN_SELF = YES;
				CLANG_WARN_OBJC_LITERAL_CONVERSION = YES;
				CLANG_WARN_OBJC_ROOT_CLASS = YES_ERROR;
				CLANG_WARN_QUOTED_INCLUDE_IN_FRAMEWORK_HEADER = YES;
				CLANG_WARN_RANGE_LOOP_ANALYSIS = YES;
				CLANG_WARN_STRICT_PROTOTYPES = YES;
				CLANG_WARN_SUSPICIOUS_MOVE = YES;
				CLANG_WARN_UNGUARDED_AVAILABILITY = YES_AGGRESSIVE;
				CLANG_WARN_UNREACHABLE_CODE = YES;
				CLANG_WARN__DUPLICATE_METHOD_MATCH = YES;
				COPY_PHASE_STRIP = NO;
				DEBUG_INFORMATION_FORMAT = dwarf;
				ENABLE_STRICT_OBJC_MSGSEND = YES;
				ENABLE_TESTABILITY = YES;
				GCC_C_LANGUAGE_STANDARD = gnu11;
				GCC_DYNAMIC_NO_PIC = NO;
				GCC_NO_COMMON_BLOCKS = YES;
				GCC_OPTIMIZATION_LEVEL = 0;
				GCC_PREPROCESSOR_DEFINITIONS = (
					"DEBUG=1",
					"$(inherited)",
				);
				GCC_WARN_64_TO_32_BIT_CONVERSION = YES;
				GCC_WARN_ABOUT_RETURN_TYPE = YES_ERROR;
				GCC_WARN_UNDECLARED_SELECTOR = YES;
				GCC_WARN_UNINITIALIZED_AUTOS = YES_AGGRESSIVE;
				GCC_WARN_UNUSED_FUNCTION = YES;
				GCC_WARN_UNUSED_VARIABLE = YES;
				IPHONEOS_DEPLOYMENT_TARGET = 14.4;
				MTL_ENABLE_DEBUG_INFO = INCLUDE_SOURCE;
				MTL_FAST_MATH = YES;
				ONLY_ACTIVE_ARCH = YES;
				SDKROOT = iphoneos;
				SWIFT_ACTIVE_COMPILATION_CONDITIONS = DEBUG;
				SWIFT_OPTIMIZATION_LEVEL = "-Onone";
			};
			name = Debug;
		};
		62A28F822622DC10008163C3 /* Release */ = {
			isa = XCBuildConfiguration;
			buildSettings = {
				ALWAYS_SEARCH_USER_PATHS = NO;
				CLANG_ANALYZER_NONNULL = YES;
				CLANG_ANALYZER_NUMBER_OBJECT_CONVERSION = YES_AGGRESSIVE;
				CLANG_CXX_LANGUAGE_STANDARD = "gnu++14";
				CLANG_CXX_LIBRARY = "libc++";
				CLANG_ENABLE_MODULES = YES;
				CLANG_ENABLE_OBJC_ARC = YES;
				CLANG_ENABLE_OBJC_WEAK = YES;
				CLANG_WARN_BLOCK_CAPTURE_AUTORELEASING = YES;
				CLANG_WARN_BOOL_CONVERSION = YES;
				CLANG_WARN_COMMA = YES;
				CLANG_WARN_CONSTANT_CONVERSION = YES;
				CLANG_WARN_DEPRECATED_OBJC_IMPLEMENTATIONS = YES;
				CLANG_WARN_DIRECT_OBJC_ISA_USAGE = YES_ERROR;
				CLANG_WARN_DOCUMENTATION_COMMENTS = YES;
				CLANG_WARN_EMPTY_BODY = YES;
				CLANG_WARN_ENUM_CONVERSION = YES;
				CLANG_WARN_INFINITE_RECURSION = YES;
				CLANG_WARN_INT_CONVERSION = YES;
				CLANG_WARN_NON_LITERAL_NULL_CONVERSION = YES;
				CLANG_WARN_OBJC_IMPLICIT_RETAIN_SELF = YES;
				CLANG_WARN_OBJC_LITERAL_CONVERSION = YES;
				CLANG_WARN_OBJC_ROOT_CLASS = YES_ERROR;
				CLANG_WARN_QUOTED_INCLUDE_IN_FRAMEWORK_HEADER = YES;
				CLANG_WARN_RANGE_LOOP_ANALYSIS = YES;
				CLANG_WARN_STRICT_PROTOTYPES = YES;
				CLANG_WARN_SUSPICIOUS_MOVE = YES;
				CLANG_WARN_UNGUARDED_AVAILABILITY = YES_AGGRESSIVE;
				CLANG_WARN_UNREACHABLE_CODE = YES;
				CLANG_WARN__DUPLICATE_METHOD_MATCH = YES;
				COPY_PHASE_STRIP = NO;
				DEBUG_INFORMATION_FORMAT = "dwarf-with-dsym";
				ENABLE_NS_ASSERTIONS = NO;
				ENABLE_STRICT_OBJC_MSGSEND = YES;
				GCC_C_LANGUAGE_STANDARD = gnu11;
				GCC_NO_COMMON_BLOCKS = YES;
				GCC_WARN_64_TO_32_BIT_CONVERSION = YES;
				GCC_WARN_ABOUT_RETURN_TYPE = YES_ERROR;
				GCC_WARN_UNDECLARED_SELECTOR = YES;
				GCC_WARN_UNINITIALIZED_AUTOS = YES_AGGRESSIVE;
				GCC_WARN_UNUSED_FUNCTION = YES;
				GCC_WARN_UNUSED_VARIABLE = YES;
				IPHONEOS_DEPLOYMENT_TARGET = 14.4;
				MTL_ENABLE_DEBUG_INFO = NO;
				MTL_FAST_MATH = YES;
				SDKROOT = iphoneos;
				SWIFT_COMPILATION_MODE = wholemodule;
				SWIFT_OPTIMIZATION_LEVEL = "-O";
				VALIDATE_PRODUCT = YES;
			};
			name = Release;
		};
		62A28F842622DC10008163C3 /* Debug */ = {
			isa = XCBuildConfiguration;
			baseConfigurationReference = 5F9ED22D4B4F3730309E17E2 /* Pods-ChildLearning.debug.xcconfig */;
			buildSettings = {
				ASSETCATALOG_COMPILER_APPICON_NAME = AppIcon;
				ASSETCATALOG_COMPILER_GLOBAL_ACCENT_COLOR_NAME = AccentColor;
				CODE_SIGN_STYLE = Automatic;
				INFOPLIST_FILE = ChildLearning/Info.plist;
				LD_RUNPATH_SEARCH_PATHS = (
					"$(inherited)",
					"@executable_path/Frameworks",
				);
				PRODUCT_BUNDLE_IDENTIFIER = com.ChildLearning;
				PRODUCT_NAME = "$(TARGET_NAME)";
				SWIFT_VERSION = 5.0;
				TARGETED_DEVICE_FAMILY = 1;
			};
			name = Debug;
		};
		62A28F852622DC10008163C3 /* Release */ = {
			isa = XCBuildConfiguration;
			baseConfigurationReference = F8CF48491589574F4DCB9075 /* Pods-ChildLearning.release.xcconfig */;
			buildSettings = {
				ASSETCATALOG_COMPILER_APPICON_NAME = AppIcon;
				ASSETCATALOG_COMPILER_GLOBAL_ACCENT_COLOR_NAME = AccentColor;
				CODE_SIGN_STYLE = Automatic;
				INFOPLIST_FILE = ChildLearning/Info.plist;
				LD_RUNPATH_SEARCH_PATHS = (
					"$(inherited)",
					"@executable_path/Frameworks",
				);
				PRODUCT_BUNDLE_IDENTIFIER = com.ChildLearning;
				PRODUCT_NAME = "$(TARGET_NAME)";
				SWIFT_VERSION = 5.0;
				TARGETED_DEVICE_FAMILY = 1;
			};
			name = Release;
		};
		62A28F872622DC10008163C3 /* Debug */ = {
			isa = XCBuildConfiguration;
			baseConfigurationReference = 5D3D80A360118787857AB4E2 /* Pods-ChildLearningTests.debug.xcconfig */;
			buildSettings = {
				ALWAYS_EMBED_SWIFT_STANDARD_LIBRARIES = YES;
				BUNDLE_LOADER = "$(TEST_HOST)";
				CODE_SIGN_STYLE = Automatic;
				INFOPLIST_FILE = ChildLearningTests/Info.plist;
				IPHONEOS_DEPLOYMENT_TARGET = 14.4;
				LD_RUNPATH_SEARCH_PATHS = (
					"$(inherited)",
					"@executable_path/Frameworks",
					"@loader_path/Frameworks",
				);
				PRODUCT_BUNDLE_IDENTIFIER = com.rakinder.ChildLearningTests;
				PRODUCT_NAME = "$(TARGET_NAME)";
				SWIFT_VERSION = 5.0;
				TARGETED_DEVICE_FAMILY = "1,2";
				TEST_HOST = "$(BUILT_PRODUCTS_DIR)/ChildLearning.app/ChildLearning";
			};
			name = Debug;
		};
		62A28F882622DC10008163C3 /* Release */ = {
			isa = XCBuildConfiguration;
			baseConfigurationReference = DDB70A4EF78F2D1A60AC8AC4 /* Pods-ChildLearningTests.release.xcconfig */;
			buildSettings = {
				ALWAYS_EMBED_SWIFT_STANDARD_LIBRARIES = YES;
				BUNDLE_LOADER = "$(TEST_HOST)";
				CODE_SIGN_STYLE = Automatic;
				INFOPLIST_FILE = ChildLearningTests/Info.plist;
				IPHONEOS_DEPLOYMENT_TARGET = 14.4;
				LD_RUNPATH_SEARCH_PATHS = (
					"$(inherited)",
					"@executable_path/Frameworks",
					"@loader_path/Frameworks",
				);
				PRODUCT_BUNDLE_IDENTIFIER = com.rakinder.ChildLearningTests;
				PRODUCT_NAME = "$(TARGET_NAME)";
				SWIFT_VERSION = 5.0;
				TARGETED_DEVICE_FAMILY = "1,2";
				TEST_HOST = "$(BUILT_PRODUCTS_DIR)/ChildLearning.app/ChildLearning";
			};
			name = Release;
		};
		62A28F8A2622DC10008163C3 /* Debug */ = {
			isa = XCBuildConfiguration;
			baseConfigurationReference = 5DB01C8565908BB091B9E457 /* Pods-ChildLearning-ChildLearningUITests.debug.xcconfig */;
			buildSettings = {
				ALWAYS_EMBED_SWIFT_STANDARD_LIBRARIES = YES;
				CODE_SIGN_STYLE = Automatic;
				INFOPLIST_FILE = ChildLearningUITests/Info.plist;
				LD_RUNPATH_SEARCH_PATHS = (
					"$(inherited)",
					"@executable_path/Frameworks",
					"@loader_path/Frameworks",
				);
				PRODUCT_BUNDLE_IDENTIFIER = com.rakinder.ChildLearningUITests;
				PRODUCT_NAME = "$(TARGET_NAME)";
				SWIFT_VERSION = 5.0;
				TARGETED_DEVICE_FAMILY = "1,2";
				TEST_TARGET_NAME = ChildLearning;
			};
			name = Debug;
		};
		62A28F8B2622DC10008163C3 /* Release */ = {
			isa = XCBuildConfiguration;
			baseConfigurationReference = 6F676960CCC2475D219636CD /* Pods-ChildLearning-ChildLearningUITests.release.xcconfig */;
			buildSettings = {
				ALWAYS_EMBED_SWIFT_STANDARD_LIBRARIES = YES;
				CODE_SIGN_STYLE = Automatic;
				INFOPLIST_FILE = ChildLearningUITests/Info.plist;
				LD_RUNPATH_SEARCH_PATHS = (
					"$(inherited)",
					"@executable_path/Frameworks",
					"@loader_path/Frameworks",
				);
				PRODUCT_BUNDLE_IDENTIFIER = com.rakinder.ChildLearningUITests;
				PRODUCT_NAME = "$(TARGET_NAME)";
				SWIFT_VERSION = 5.0;
				TARGETED_DEVICE_FAMILY = "1,2";
				TEST_TARGET_NAME = ChildLearning;
			};
			name = Release;
		};
/* End XCBuildConfiguration section */

/* Begin XCConfigurationList section */
		62A28F542622DC0D008163C3 /* Build configuration list for PBXProject "ChildLearning" */ = {
			isa = XCConfigurationList;
			buildConfigurations = (
				62A28F812622DC10008163C3 /* Debug */,
				62A28F822622DC10008163C3 /* Release */,
			);
			defaultConfigurationIsVisible = 0;
			defaultConfigurationName = Release;
		};
		62A28F832622DC10008163C3 /* Build configuration list for PBXNativeTarget "ChildLearning" */ = {
			isa = XCConfigurationList;
			buildConfigurations = (
				62A28F842622DC10008163C3 /* Debug */,
				62A28F852622DC10008163C3 /* Release */,
			);
			defaultConfigurationIsVisible = 0;
			defaultConfigurationName = Release;
		};
		62A28F862622DC10008163C3 /* Build configuration list for PBXNativeTarget "ChildLearningTests" */ = {
			isa = XCConfigurationList;
			buildConfigurations = (
				62A28F872622DC10008163C3 /* Debug */,
				62A28F882622DC10008163C3 /* Release */,
			);
			defaultConfigurationIsVisible = 0;
			defaultConfigurationName = Release;
		};
		62A28F892622DC10008163C3 /* Build configuration list for PBXNativeTarget "ChildLearningUITests" */ = {
			isa = XCConfigurationList;
			buildConfigurations = (
				62A28F8A2622DC10008163C3 /* Debug */,
				62A28F8B2622DC10008163C3 /* Release */,
			);
			defaultConfigurationIsVisible = 0;
			defaultConfigurationName = Release;
		};
/* End XCConfigurationList section */
	};
	rootObject = 62A28F512622DC0D008163C3 /* Project object */;
}
